{
  "name": "@kroket/focus",
  "version": "1.0.0",
  "lockfileVersion": 1,
  "requires": true,
  "dependencies": {
    "inert-polyfill": {
      "version": "0.2.5",
      "resolved": "https://registry.npmjs.org/inert-polyfill/-/inert-polyfill-0.2.5.tgz",
      "integrity": "sha512-on1Nri2CciTI8hc+BaIGCe1pDO3Qzniivt9HALcse/NGvUvu/4t2uh6REwOU5fx/Nsb5c3dCRPJdvinYH0mlkg=="
    }
  }
}
